
Microsoft Visual Studio Solution File, Format Version 12.00
# Visual Studio Version 17
VisualStudioVersion = 17.1.32319.34
MinimumVisualStudioVersion = 10.0.40219.1
Project("{2150E333-8FDC-42A3-9474-1A3956D46DE8}") = "01 - Testes de Unidade", "01 - Testes de Unidade", "{C9D84AEF-9B73-474E-B568-BFA0B3180AB9}"
EndProject
Project("{2150E333-8FDC-42A3-9474-1A3956D46DE8}") = "1.1 - Testes Básicos", "1.1 - Testes Básicos", "{5E7917D6-10CB-4D86-93E5-217C33518A50}"
EndProject
Project("{9A19103F-16F7-4668-BE54-9A1E7A4F7556}") = "Demo", "01 - Testes de Unidade\Demo\Demo.csproj", "{C26E1557-BF42-4D9D-81A6-C64145C02480}"
EndProject
Project("{9A19103F-16F7-4668-BE54-9A1E7A4F7556}") = "Demo.Tests", "01 - Testes de Unidade\Demo.Tests\Demo.Tests.csproj", "{0E811446-3613-4932-8CFD-39AD179A1A11}"
EndProject
Project("{9A19103F-16F7-4668-BE54-9A1E7A4F7556}") = "Features", "01 - Testes de Unidade\Features\Features.csproj", "{3B108DBB-9455-4039-A257-47FB39B02BCC}"
EndProject
Project("{9A19103F-16F7-4668-BE54-9A1E7A4F7556}") = "Features.Tests", "01 - Testes de Unidade\Features.Tests\Features.Tests.csproj", "{47E08A36-9BA1-4608-9DBA-D5D809373CF5}"
EndProject
Project("{2150E333-8FDC-42A3-9474-1A3956D46DE8}") = "2.2 - Features", "2.2 - Features", "{E4FBDFCB-2E20-4743-9110-B7BFE985F381}"
EndProject
Global
	GlobalSection(SolutionConfigurationPlatforms) = preSolution
		Debug|Any CPU = Debug|Any CPU
		Release|Any CPU = Release|Any CPU
	EndGlobalSection
	GlobalSection(ProjectConfigurationPlatforms) = postSolution
		{C26E1557-BF42-4D9D-81A6-C64145C02480}.Debug|Any CPU.ActiveCfg = Debug|Any CPU
		{C26E1557-BF42-4D9D-81A6-C64145C02480}.Debug|Any CPU.Build.0 = Debug|Any CPU
		{C26E1557-BF42-4D9D-81A6-C64145C02480}.Release|Any CPU.ActiveCfg = Release|Any CPU
		{C26E1557-BF42-4D9D-81A6-C64145C02480}.Release|Any CPU.Build.0 = Release|Any CPU
		{0E811446-3613-4932-8CFD-39AD179A1A11}.Debug|Any CPU.ActiveCfg = Debug|Any CPU
		{0E811446-3613-4932-8CFD-39AD179A1A11}.Debug|Any CPU.Build.0 = Debug|Any CPU
		{0E811446-3613-4932-8CFD-39AD179A1A11}.Release|Any CPU.ActiveCfg = Release|Any CPU
		{0E811446-3613-4932-8CFD-39AD179A1A11}.Release|Any CPU.Build.0 = Release|Any CPU
		{3B108DBB-9455-4039-A257-47FB39B02BCC}.Debug|Any CPU.ActiveCfg = Debug|Any CPU
		{3B108DBB-9455-4039-A257-47FB39B02BCC}.Debug|Any CPU.Build.0 = Debug|Any CPU
		{3B108DBB-9455-4039-A257-47FB39B02BCC}.Release|Any CPU.ActiveCfg = Release|Any CPU
		{3B108DBB-9455-4039-A257-47FB39B02BCC}.Release|Any CPU.Build.0 = Release|Any CPU
		{47E08A36-9BA1-4608-9DBA-D5D809373CF5}.Debug|Any CPU.ActiveCfg = Debug|Any CPU
		{47E08A36-9BA1-4608-9DBA-D5D809373CF5}.Debug|Any CPU.Build.0 = Debug|Any CPU
		{47E08A36-9BA1-4608-9DBA-D5D809373CF5}.Release|Any CPU.ActiveCfg = Release|Any CPU
		{47E08A36-9BA1-4608-9DBA-D5D809373CF5}.Release|Any CPU.Build.0 = Release|Any CPU
	EndGlobalSection
	GlobalSection(SolutionProperties) = preSolution
		HideSolutionNode = FALSE
	EndGlobalSection
	GlobalSection(NestedProjects) = preSolution
		{5E7917D6-10CB-4D86-93E5-217C33518A50} = {C9D84AEF-9B73-474E-B568-BFA0B3180AB9}
		{C26E1557-BF42-4D9D-81A6-C64145C02480} = {5E7917D6-10CB-4D86-93E5-217C33518A50}
		{0E811446-3613-4932-8CFD-39AD179A1A11} = {5E7917D6-10CB-4D86-93E5-217C33518A50}
		{3B108DBB-9455-4039-A257-47FB39B02BCC} = {E4FBDFCB-2E20-4743-9110-B7BFE985F381}
		{47E08A36-9BA1-4608-9DBA-D5D809373CF5} = {E4FBDFCB-2E20-4743-9110-B7BFE985F381}
		{E4FBDFCB-2E20-4743-9110-B7BFE985F381} = {C9D84AEF-9B73-474E-B568-BFA0B3180AB9}
	EndGlobalSection
	GlobalSection(ExtensibilityGlobals) = postSolution
		SolutionGuid = {95778A53-913D-4F18-9976-46BCDA991BAF}
	EndGlobalSection
EndGlobal
