
Microsoft Visual Studio Solution File, Format Version 12.00
# Visual Studio Version 17
VisualStudioVersion = 17.1.32319.34
MinimumVisualStudioVersion = 10.0.40219.1
Project("{2150E333-8FDC-42A3-9474-1A3956D46DE8}") = "01 - Testes de Unidade", "01 - Testes de Unidade", "{C9D84AEF-9B73-474E-B568-BFA0B3180AB9}"
EndProject
Project("{2150E333-8FDC-42A3-9474-1A3956D46DE8}") = "1.1 - Testes Básicos", "1.1 - Testes Básicos", "{5E7917D6-10CB-4D86-93E5-217C33518A50}"
EndProject
Project("{FAE04EC0-301F-11D3-BF4B-00C04F79EFBC}") = "Demo", "01 - Testes de Unidade\Demo\Demo.csproj", "{C26E1557-BF42-4D9D-81A6-C64145C02480}"
EndProject
Project("{FAE04EC0-301F-11D3-BF4B-00C04F79EFBC}") = "Demo.Tests", "01 - Testes de Unidade\Demo.Tests\Demo.Tests.csproj", "{0E811446-3613-4932-8CFD-39AD179A1A11}"
EndProject
Global
	GlobalSection(SolutionConfigurationPlatforms) = preSolution
		Debug|Any CPU = Debug|Any CPU
		Release|Any CPU = Release|Any CPU
	EndGlobalSection
	GlobalSection(ProjectConfigurationPlatforms) = postSolution
		{C26E1557-BF42-4D9D-81A6-C64145C02480}.Debug|Any CPU.ActiveCfg = Debug|Any CPU
		{C26E1557-BF42-4D9D-81A6-C64145C02480}.Debug|Any CPU.Build.0 = Debug|Any CPU
		{C26E1557-BF42-4D9D-81A6-C64145C02480}.Release|Any CPU.ActiveCfg = Release|Any CPU
		{C26E1557-BF42-4D9D-81A6-C64145C02480}.Release|Any CPU.Build.0 = Release|Any CPU
		{0E811446-3613-4932-8CFD-39AD179A1A11}.Debug|Any CPU.ActiveCfg = Debug|Any CPU
		{0E811446-3613-4932-8CFD-39AD179A1A11}.Debug|Any CPU.Build.0 = Debug|Any CPU
		{0E811446-3613-4932-8CFD-39AD179A1A11}.Release|Any CPU.ActiveCfg = Release|Any CPU
		{0E811446-3613-4932-8CFD-39AD179A1A11}.Release|Any CPU.Build.0 = Release|Any CPU
	EndGlobalSection
	GlobalSection(SolutionProperties) = preSolution
		HideSolutionNode = FALSE
	EndGlobalSection
	GlobalSection(NestedProjects) = preSolution
		{5E7917D6-10CB-4D86-93E5-217C33518A50} = {C9D84AEF-9B73-474E-B568-BFA0B3180AB9}
		{C26E1557-BF42-4D9D-81A6-C64145C02480} = {5E7917D6-10CB-4D86-93E5-217C33518A50}
		{0E811446-3613-4932-8CFD-39AD179A1A11} = {5E7917D6-10CB-4D86-93E5-217C33518A50}
	EndGlobalSection
	GlobalSection(ExtensibilityGlobals) = postSolution
		SolutionGuid = {95778A53-913D-4F18-9976-46BCDA991BAF}
	EndGlobalSection
EndGlobal
